// !$*UTF8*$!
{
	archiveVersion = 1;
	classes = {
	};
	objectVersion = 56;
	objects = {

/* Begin PBXBuildFile section */
		261E6B6F2BD60C05000021CA /* SiteReadySubmissionView.swift in Sources */ = {isa = PBXBuildFile; fileRef = 261E6B6E2BD60C05000021CA /* SiteReadySubmissionView.swift */; };
		261E6B712BD60C19000021CA /* SiteReadyEntriesModel.swift in Sources */ = {isa = PBXBuildFile; fileRef = 261E6B702BD60C19000021CA /* SiteReadyEntriesModel.swift */; };
		261E6B742BD60D21000021CA /* SitesReadyEntriesView.swift in Sources */ = {isa = PBXBuildFile; fileRef = 261E6B732BD60D21000021CA /* SitesReadyEntriesView.swift */; };
		26EC33B92B966BC8001F0AEE /* SitesMapView.swift in Sources */ = {isa = PBXBuildFile; fileRef = 26EC33B82B966BC8001F0AEE /* SitesMapView.swift */; };
		6E33296E2B7F61CD009FCD14 /* FirebaseFirestore in Frameworks */ = {isa = PBXBuildFile; productRef = 6E33296D2B7F61CD009FCD14 /* FirebaseFirestore */; };
		6E3329702B7F61CD009FCD14 /* FirebaseFirestoreSwift in Frameworks */ = {isa = PBXBuildFile; productRef = 6E33296F2B7F61CD009FCD14 /* FirebaseFirestoreSwift */; };
		6E3329742B7F62D9009FCD14 /* SettingsViewModel.swift in Sources */ = {isa = PBXBuildFile; fileRef = 6E3329732B7F62D9009FCD14 /* SettingsViewModel.swift */; };
		6E3329772B7F6389009FCD14 /* AuthenticationViewModel.swift in Sources */ = {isa = PBXBuildFile; fileRef = 6E3329762B7F6389009FCD14 /* AuthenticationViewModel.swift */; };
		6E33297A2B7F640D009FCD14 /* SignInEmailViewModel.swift in Sources */ = {isa = PBXBuildFile; fileRef = 6E3329792B7F640D009FCD14 /* SignInEmailViewModel.swift */; };
		6E33297D2B7F6458009FCD14 /* ProfileView.swift in Sources */ = {isa = PBXBuildFile; fileRef = 6E33297C2B7F6458009FCD14 /* ProfileView.swift */; };
		6E3329812B7F699F009FCD14 /* UserManager.swift in Sources */ = {isa = PBXBuildFile; fileRef = 6E3329802B7F699F009FCD14 /* UserManager.swift */; };
		6E6858362B8446C300896B16 /* BuildingsView.swift in Sources */ = {isa = PBXBuildFile; fileRef = 6E6858352B8446C300896B16 /* BuildingsView.swift */; };
		6E6858382B84470600896B16 /* ProfileViewModel.swift in Sources */ = {isa = PBXBuildFile; fileRef = 6E6858372B84470600896B16 /* ProfileViewModel.swift */; };
		6E68583A2B84479100896B16 /* BuildingsViewModel.swift in Sources */ = {isa = PBXBuildFile; fileRef = 6E6858392B84479100896B16 /* BuildingsViewModel.swift */; };
		6E68583C2B84498A00896B16 /* BuildingsManager.swift in Sources */ = {isa = PBXBuildFile; fileRef = 6E68583B2B84498A00896B16 /* BuildingsManager.swift */; };
		6E8C571B2B7CA73E00B5BF59 /* FirebaseAnalytics in Frameworks */ = {isa = PBXBuildFile; productRef = 6E8C571A2B7CA73E00B5BF59 /* FirebaseAnalytics */; };
		6E8C571D2B7CA73E00B5BF59 /* FirebaseAnalyticsSwift in Frameworks */ = {isa = PBXBuildFile; productRef = 6E8C571C2B7CA73E00B5BF59 /* FirebaseAnalyticsSwift */; };
		6E8C571F2B7CA73E00B5BF59 /* FirebaseAuth in Frameworks */ = {isa = PBXBuildFile; productRef = 6E8C571E2B7CA73E00B5BF59 /* FirebaseAuth */; };
		6E8C57222B7CAAEB00B5BF59 /* AuthenticationView.swift in Sources */ = {isa = PBXBuildFile; fileRef = 6E8C57212B7CAAEB00B5BF59 /* AuthenticationView.swift */; };
		6E8C57262B7CADBE00B5BF59 /* SignInEmailView.swift in Sources */ = {isa = PBXBuildFile; fileRef = 6E8C57252B7CADBE00B5BF59 /* SignInEmailView.swift */; };
		6E8C57282B7CB39D00B5BF59 /* AuthenticationManager.swift in Sources */ = {isa = PBXBuildFile; fileRef = 6E8C57272B7CB39D00B5BF59 /* AuthenticationManager.swift */; };
		6E8C572A2B7CC35100B5BF59 /* RootView.swift in Sources */ = {isa = PBXBuildFile; fileRef = 6E8C57292B7CC35100B5BF59 /* RootView.swift */; };
		6E8C572C2B7CC76800B5BF59 /* SettingsView.swift in Sources */ = {isa = PBXBuildFile; fileRef = 6E8C572B2B7CC76800B5BF59 /* SettingsView.swift */; };
		6E8C572E2B7CEF5C00B5BF59 /* GoogleService-Info.plist in Resources */ = {isa = PBXBuildFile; fileRef = 6E8C572D2B7CEF5B00B5BF59 /* GoogleService-Info.plist */; };
		6E8C57312B7CF00800B5BF59 /* GoogleSignIn in Frameworks */ = {isa = PBXBuildFile; productRef = 6E8C57302B7CF00800B5BF59 /* GoogleSignIn */; };
		6E8C57332B7CF00800B5BF59 /* GoogleSignInSwift in Frameworks */ = {isa = PBXBuildFile; productRef = 6E8C57322B7CF00800B5BF59 /* GoogleSignInSwift */; };
		6E8C57372B7CF32100B5BF59 /* Utilities.swift in Sources */ = {isa = PBXBuildFile; fileRef = 6E8C57362B7CF32100B5BF59 /* Utilities.swift */; };
		6E8C57392B7ED9DF00B5BF59 /* SignInGoogleHelper.swift in Sources */ = {isa = PBXBuildFile; fileRef = 6E8C57382B7ED9DF00B5BF59 /* SignInGoogleHelper.swift */; };
		6E8C573B2B7F068600B5BF59 /* SignInAppleHelper.swift in Sources */ = {isa = PBXBuildFile; fileRef = 6E8C573A2B7F068600B5BF59 /* SignInAppleHelper.swift */; };
		6EA65F492B8476E9000766C7 /* BuildingCellView.swift in Sources */ = {isa = PBXBuildFile; fileRef = 6EA65F482B8476E9000766C7 /* BuildingCellView.swift */; };
		6EA65F4E2B871156000766C7 /* TabBarView.swift in Sources */ = {isa = PBXBuildFile; fileRef = 6EA65F4D2B871156000766C7 /* TabBarView.swift */; };
		6EA65F512B8714FC000766C7 /* UserBuildingsView.swift in Sources */ = {isa = PBXBuildFile; fileRef = 6EA65F502B8714FC000766C7 /* UserBuildingsView.swift */; };
		6EA65F532B871583000766C7 /* UserBuildingsViewModel.swift in Sources */ = {isa = PBXBuildFile; fileRef = 6EA65F522B871583000766C7 /* UserBuildingsViewModel.swift */; };
		6EA65F552B872D6A000766C7 /* BuildingCellViewBuilder.swift in Sources */ = {isa = PBXBuildFile; fileRef = 6EA65F542B872D6A000766C7 /* BuildingCellViewBuilder.swift */; };
		6EA65F582B8E7564000766C7 /* Query+EXT.swift in Sources */ = {isa = PBXBuildFile; fileRef = 6EA65F572B8E7564000766C7 /* Query+EXT.swift */; };
		6EA65F5C2B8E75E5000766C7 /* OnFirstAppearViewModifier.swift in Sources */ = {isa = PBXBuildFile; fileRef = 6EA65F5B2B8E75E5000766C7 /* OnFirstAppearViewModifier.swift */; };
		6EA65F5F2B911B34000766C7 /* SitesManager.swift in Sources */ = {isa = PBXBuildFile; fileRef = 6EA65F5E2B911B33000766C7 /* SitesManager.swift */; };
		6EA65F612B91204D000766C7 /* SitesView.swift in Sources */ = {isa = PBXBuildFile; fileRef = 6EA65F602B91204D000766C7 /* SitesView.swift */; };
		6EA65F632B912058000766C7 /* SitesViewModel.swift in Sources */ = {isa = PBXBuildFile; fileRef = 6EA65F622B912058000766C7 /* SitesViewModel.swift */; };
		6EA65F662B9120E0000766C7 /* SiteCellView.swift in Sources */ = {isa = PBXBuildFile; fileRef = 6EA65F652B9120E0000766C7 /* SiteCellView.swift */; };
		6EA65F682B96EF0B000766C7 /* DetailedSiteView.swift in Sources */ = {isa = PBXBuildFile; fileRef = 6EA65F672B96EF0B000766C7 /* DetailedSiteView.swift */; };
		6EA65F6A2B96F028000766C7 /* DetailedSiteViewModel.swift in Sources */ = {isa = PBXBuildFile; fileRef = 6EA65F692B96F028000766C7 /* DetailedSiteViewModel.swift */; };
		6EA65F6D2B98EF70000766C7 /* InventorySitesManager.swift in Sources */ = {isa = PBXBuildFile; fileRef = 6EA65F6C2B98EF6F000766C7 /* InventorySitesManager.swift */; };
		6EA65F6F2B98F70B000766C7 /* InventorySitesView.swift in Sources */ = {isa = PBXBuildFile; fileRef = 6EA65F6E2B98F70B000766C7 /* InventorySitesView.swift */; };
		6EA65F712B98FAD3000766C7 /* InventoryTypeManager.swift in Sources */ = {isa = PBXBuildFile; fileRef = 6EA65F702B98FAD2000766C7 /* InventoryTypeManager.swift */; };
		6EA65F732B98FF34000766C7 /* KeyTypeManager.swift in Sources */ = {isa = PBXBuildFile; fileRef = 6EA65F722B98FF34000766C7 /* KeyTypeManager.swift */; };
		6EA65F762B9902BE000766C7 /* InventorySiteCellView.swift in Sources */ = {isa = PBXBuildFile; fileRef = 6EA65F752B9902BE000766C7 /* InventorySiteCellView.swift */; };
		6EA65F782B990423000766C7 /* DetailedInventorySiteView.swift in Sources */ = {isa = PBXBuildFile; fileRef = 6EA65F772B990423000766C7 /* DetailedInventorySiteView.swift */; };
		6EE1106F2B7B57F700747F04 /* MUSitesMobileApp.swift in Sources */ = {isa = PBXBuildFile; fileRef = 6EE1106E2B7B57F700747F04 /* MUSitesMobileApp.swift */; };
		6EE110712B7B57F700747F04 /* ContentView.swift in Sources */ = {isa = PBXBuildFile; fileRef = 6EE110702B7B57F700747F04 /* ContentView.swift */; };
		6EE110732B7B57FA00747F04 /* Assets.xcassets in Resources */ = {isa = PBXBuildFile; fileRef = 6EE110722B7B57FA00747F04 /* Assets.xcassets */; };
		6EE110762B7B57FA00747F04 /* Preview Assets.xcassets in Resources */ = {isa = PBXBuildFile; fileRef = 6EE110752B7B57FA00747F04 /* Preview Assets.xcassets */; };
		D5225A632BB72A07007F14E2 /* CategoryPickerView.swift in Sources */ = {isa = PBXBuildFile; fileRef = D5225A622BB72A07007F14E2 /* CategoryPickerView.swift */; };
		D5225A652BB733AF007F14E2 /* SiteListView.swift in Sources */ = {isa = PBXBuildFile; fileRef = D5225A642BB733AF007F14E2 /* SiteListView.swift */; };
		D5225A672BB73D76007F14E2 /* DetailedSitePosterBoardView.swift in Sources */ = {isa = PBXBuildFile; fileRef = D5225A662BB73D76007F14E2 /* DetailedSitePosterBoardView.swift */; };
		D5225A6B2BC8758C007F14E2 /* AdminUserProfileView.swift in Sources */ = {isa = PBXBuildFile; fileRef = D5225A6A2BC8758C007F14E2 /* AdminUserProfileView.swift */; };
		D5225A802BDAF851007F14E2 /* ImageDeleteView.swift in Sources */ = {isa = PBXBuildFile; fileRef = D5225A7F2BDAF851007F14E2 /* ImageDeleteView.swift */; };
		D5225A842BDD98DA007F14E2 /* PostersSelectionView.swift in Sources */ = {isa = PBXBuildFile; fileRef = D5225A832BDD98DA007F14E2 /* PostersSelectionView.swift */; };
		D5B5E06A2BAB405C00AFCE3C /* FirebaseStorage in Frameworks */ = {isa = PBXBuildFile; productRef = D5B5E0692BAB405C00AFCE3C /* FirebaseStorage */; };
		D5B5E06D2BB32C0000AFCE3C /* AdminView.swift in Sources */ = {isa = PBXBuildFile; fileRef = D5B5E06C2BB32C0000AFCE3C /* AdminView.swift */; };
		D5B5E0732BB32FA700AFCE3C /* AdminManager.swift in Sources */ = {isa = PBXBuildFile; fileRef = D5B5E0722BB32FA700AFCE3C /* AdminManager.swift */; };
		D5B5E0752BB336C300AFCE3C /* ImagePickerView.swift in Sources */ = {isa = PBXBuildFile; fileRef = D5B5E0742BB336C300AFCE3C /* ImagePickerView.swift */; };
		D5B5E0772BB3458600AFCE3C /* StorageManager.swift in Sources */ = {isa = PBXBuildFile; fileRef = D5B5E0762BB3458600AFCE3C /* StorageManager.swift */; };
		D5B5E0792BB3539D00AFCE3C /* ViewUsersView.swift in Sources */ = {isa = PBXBuildFile; fileRef = D5B5E0782BB3539D00AFCE3C /* ViewUsersView.swift */; };
		D5B5E07B2BB35DFB00AFCE3C /* ImageUploadView.swift in Sources */ = {isa = PBXBuildFile; fileRef = D5B5E07A2BB35DFB00AFCE3C /* ImageUploadView.swift */; };
		E553CD7A2BCD901000B9D63B /* SubmitFormView.swift in Sources */ = {isa = PBXBuildFile; fileRef = E553CD792BCD901000B9D63B /* SubmitFormView.swift */; };
		E553CD7C2BCD937E00B9D63B /* SiteCaptainManager.swift in Sources */ = {isa = PBXBuildFile; fileRef = E553CD7B2BCD937E00B9D63B /* SiteCaptainManager.swift */; };
		E553CD7F2BCD947000B9D63B /* SiteCaptainSubmissionView.swift in Sources */ = {isa = PBXBuildFile; fileRef = E553CD7E2BCD947000B9D63B /* SiteCaptainSubmissionView.swift */; };
		E553CD822BCD94BC00B9D63B /* SiteCaptainFormViewModel.swift in Sources */ = {isa = PBXBuildFile; fileRef = E553CD812BCD94BC00B9D63B /* SiteCaptainFormViewModel.swift */; };
		E553CD842BCD94CF00B9D63B /* SiteCaptainSubmissionFormView.swift in Sources */ = {isa = PBXBuildFile; fileRef = E553CD832BCD94CF00B9D63B /* SiteCaptainSubmissionFormView.swift */; };
		E565A5772BD415E700B7EEB7 /* SupplyRequestManager.swift in Sources */ = {isa = PBXBuildFile; fileRef = E565A5762BD415E700B7EEB7 /* SupplyRequestManager.swift */; };
		F1A0BA402BBF09C400BBC9CB /* BuildingDetailView.swift in Sources */ = {isa = PBXBuildFile; fileRef = F1A0BA3F2BBF09C400BBC9CB /* BuildingDetailView.swift */; };
		F6246A7C2BA12FD400828DAE /* KeyManager.swift in Sources */ = {isa = PBXBuildFile; fileRef = F6246A7B2BA12FD400828DAE /* KeyManager.swift */; };
		F6246A7F2BA3BC6A00828DAE /* SimpleMapView.swift in Sources */ = {isa = PBXBuildFile; fileRef = F6246A7E2BA3BC6900828DAE /* SimpleMapView.swift */; };
		F63F46B42BBAA1D800ADEB9D /* SmallViews.swift in Sources */ = {isa = PBXBuildFile; fileRef = F63F46B32BBAA1D800ADEB9D /* SmallViews.swift */; };
		F63F46B72BBAA28600ADEB9D /* InventorySubmissionView.swift in Sources */ = {isa = PBXBuildFile; fileRef = F63F46B62BBAA28600ADEB9D /* InventorySubmissionView.swift */; };
		F63F46BA2BBAA34800ADEB9D /* InventoryEntryTypePopupView.swift in Sources */ = {isa = PBXBuildFile; fileRef = F63F46B92BBAA34800ADEB9D /* InventoryEntryTypePopupView.swift */; };
		F63F46BC2BBAA45200ADEB9D /* InventoryEntriesManager.swift in Sources */ = {isa = PBXBuildFile; fileRef = F63F46BB2BBAA45200ADEB9D /* InventoryEntriesManager.swift */; };
		F63F46BE2BBAA50200ADEB9D /* SupplyCountManager.swift in Sources */ = {isa = PBXBuildFile; fileRef = F63F46BD2BBAA50200ADEB9D /* SupplyCountManager.swift */; };
		F63F46C02BBAA55F00ADEB9D /* SupplyTypeManager.swift in Sources */ = {isa = PBXBuildFile; fileRef = F63F46BF2BBAA55F00ADEB9D /* SupplyTypeManager.swift */; };
		F63F46C22BBAFEB000ADEB9D /* InventoryChangeView.swift in Sources */ = {isa = PBXBuildFile; fileRef = F63F46C12BBAFEB000ADEB9D /* InventoryChangeView.swift */; };
		F63F46C42BBB01DB00ADEB9D /* InventorySubmissionViewModel.swift in Sources */ = {isa = PBXBuildFile; fileRef = F63F46C32BBB01DB00ADEB9D /* InventorySubmissionViewModel.swift */; };
		F668B1E32B9AB392000B2886 /* KeySetManager.swift in Sources */ = {isa = PBXBuildFile; fileRef = F668B1E22B9AB392000B2886 /* KeySetManager.swift */; };
		F668B1E62B9AB688000B2886 /* KeySetsView.swift in Sources */ = {isa = PBXBuildFile; fileRef = F668B1E52B9AB688000B2886 /* KeySetsView.swift */; };
		F668B1E82B9AB79C000B2886 /* KeySetCellView.swift in Sources */ = {isa = PBXBuildFile; fileRef = F668B1E72B9AB79C000B2886 /* KeySetCellView.swift */; };
		F66FCE892BDB5181008251F9 /* PositionManager.swift in Sources */ = {isa = PBXBuildFile; fileRef = F66FCE882BDB5180008251F9 /* PositionManager.swift */; };
		F66FCE8B2BDB804B008251F9 /* SiteCaptainsView.swift in Sources */ = {isa = PBXBuildFile; fileRef = F66FCE8A2BDB804B008251F9 /* SiteCaptainsView.swift */; };
		F66FCE8D2BDB87C6008251F9 /* SiteCaptainCellView.swift in Sources */ = {isa = PBXBuildFile; fileRef = F66FCE8C2BDB87C5008251F9 /* SiteCaptainCellView.swift */; };
		F67CCB522BDC5ED1002AF86B /* AuthorizationManager.swift in Sources */ = {isa = PBXBuildFile; fileRef = F67CCB512BDC5ED1002AF86B /* AuthorizationManager.swift */; };
		F68E1B052BBBE4B300EBE6AC /* TempChangeView.swift in Sources */ = {isa = PBXBuildFile; fileRef = F68E1B042BBBE4B300EBE6AC /* TempChangeView.swift */; };
		F68E1B072BBC2CE600EBE6AC /* SheetManager.swift in Sources */ = {isa = PBXBuildFile; fileRef = F68E1B062BBC2CE500EBE6AC /* SheetManager.swift */; };
		F68E1B0C2BBD2C6B00EBE6AC /* InventoryEntriesView.swift in Sources */ = {isa = PBXBuildFile; fileRef = F68E1B0B2BBD2C6B00EBE6AC /* InventoryEntriesView.swift */; };
		F69670602BBF041F00A56AA5 /* SupplyEntriesManager.swift in Sources */ = {isa = PBXBuildFile; fileRef = F696705F2BBF041F00A56AA5 /* SupplyEntriesManager.swift */; };
		F69A9C362BD98914006EAE22 /* PrinterManager.swift in Sources */ = {isa = PBXBuildFile; fileRef = F69A9C352BD98912006EAE22 /* PrinterManager.swift */; };
		F6A23E372BDD58E80065BF78 /* SiteReadyManager.swift in Sources */ = {isa = PBXBuildFile; fileRef = F6A23E362BDD58E80065BF78 /* SiteReadyManager.swift */; };
		F6AB560A2BC472CD005727D2 /* WebView.swift in Sources */ = {isa = PBXBuildFile; fileRef = F6AB56092BC472CD005727D2 /* WebView.swift */; };
		F6AB560C2BC4C092005727D2 /* Route.swift in Sources */ = {isa = PBXBuildFile; fileRef = F6AB560B2BC4C092005727D2 /* Route.swift */; };
		F6AB560E2BC4D5FD005727D2 /* SiteTypeManager.swift in Sources */ = {isa = PBXBuildFile; fileRef = F6AB560D2BC4D5FC005727D2 /* SiteTypeManager.swift */; };
		F6AB56102BC4D9EE005727D2 /* SiteGroupsManager.swift in Sources */ = {isa = PBXBuildFile; fileRef = F6AB560F2BC4D9EE005727D2 /* SiteGroupsManager.swift */; };
		F6AB56122BC5F508005727D2 /* BuildingDetailView.swift in Sources */ = {isa = PBXBuildFile; fileRef = F6AB56112BC5F508005727D2 /* BuildingDetailView.swift */; };
		F6AB56152BCB0D09005727D2 /* ComputerManager.swift in Sources */ = {isa = PBXBuildFile; fileRef = F6AB56142BCB0D09005727D2 /* ComputerManager.swift */; };
		F6AB56182BCB0FBF005727D2 /* ComputersView.swift in Sources */ = {isa = PBXBuildFile; fileRef = F6AB56172BCB0FBF005727D2 /* ComputersView.swift */; };
		F6B4E1C42BBF91DC009644DB /* SupplyEntriesView.swift in Sources */ = {isa = PBXBuildFile; fileRef = F6B4E1C32BBF91DC009644DB /* SupplyEntriesView.swift */; };
		F6B4E1C62BBFBC9E009644DB /* InventoryEntryCellView.swift in Sources */ = {isa = PBXBuildFile; fileRef = F6B4E1C52BBFBC9E009644DB /* InventoryEntryCellView.swift */; };
		F6B887242BD19D3100E4A7C8 /* HourlyCleaningSubmissionView.swift in Sources */ = {isa = PBXBuildFile; fileRef = F6B887232BD19D3100E4A7C8 /* HourlyCleaningSubmissionView.swift */; };
		F6B887262BD19F7600E4A7C8 /* HourlyCleaningsView.swift in Sources */ = {isa = PBXBuildFile; fileRef = F6B887252BD19F7600E4A7C8 /* HourlyCleaningsView.swift */; };
		F6B887282BD19FA300E4A7C8 /* HourlyCleaningManager.swift in Sources */ = {isa = PBXBuildFile; fileRef = F6B887272BD19FA300E4A7C8 /* HourlyCleaningManager.swift */; };
		F6B8872A2BD1B04500E4A7C8 /* HourlyCleaningCellView.swift in Sources */ = {isa = PBXBuildFile; fileRef = F6B887292BD1B04500E4A7C8 /* HourlyCleaningCellView.swift */; };
		F6B8872C2BD53C4E00E4A7C8 /* IssueManager.swift in Sources */ = {isa = PBXBuildFile; fileRef = F6B8872B2BD53C4D00E4A7C8 /* IssueManager.swift */; };
		F6B8872F2BD540ED00E4A7C8 /* IssuesView.swift in Sources */ = {isa = PBXBuildFile; fileRef = F6B8872E2BD540ED00E4A7C8 /* IssuesView.swift */; };
		F6B887312BD54C0800E4A7C8 /* IssueTypeManager.swift in Sources */ = {isa = PBXBuildFile; fileRef = F6B887302BD54C0800E4A7C8 /* IssueTypeManager.swift */; };
/* End PBXBuildFile section */

/* Begin PBXFileReference section */
		261E6B6E2BD60C05000021CA /* SiteReadySubmissionView.swift */ = {isa = PBXFileReference; lastKnownFileType = sourcecode.swift; path = SiteReadySubmissionView.swift; sourceTree = "<group>"; };
		261E6B702BD60C19000021CA /* SiteReadyEntriesModel.swift */ = {isa = PBXFileReference; lastKnownFileType = sourcecode.swift; path = SiteReadyEntriesModel.swift; sourceTree = "<group>"; };
		261E6B732BD60D21000021CA /* SitesReadyEntriesView.swift */ = {isa = PBXFileReference; lastKnownFileType = sourcecode.swift; path = SitesReadyEntriesView.swift; sourceTree = "<group>"; };
		26EC33B82B966BC8001F0AEE /* SitesMapView.swift */ = {isa = PBXFileReference; fileEncoding = 4; lastKnownFileType = sourcecode.swift; path = SitesMapView.swift; sourceTree = "<group>"; };
		6E3329732B7F62D9009FCD14 /* SettingsViewModel.swift */ = {isa = PBXFileReference; lastKnownFileType = sourcecode.swift; path = SettingsViewModel.swift; sourceTree = "<group>"; };
		6E3329762B7F6389009FCD14 /* AuthenticationViewModel.swift */ = {isa = PBXFileReference; lastKnownFileType = sourcecode.swift; path = AuthenticationViewModel.swift; sourceTree = "<group>"; };
		6E3329792B7F640D009FCD14 /* SignInEmailViewModel.swift */ = {isa = PBXFileReference; lastKnownFileType = sourcecode.swift; path = SignInEmailViewModel.swift; sourceTree = "<group>"; };
		6E33297C2B7F6458009FCD14 /* ProfileView.swift */ = {isa = PBXFileReference; lastKnownFileType = sourcecode.swift; path = ProfileView.swift; sourceTree = "<group>"; };
		6E3329802B7F699F009FCD14 /* UserManager.swift */ = {isa = PBXFileReference; lastKnownFileType = sourcecode.swift; path = UserManager.swift; sourceTree = "<group>"; };
		6E6858352B8446C300896B16 /* BuildingsView.swift */ = {isa = PBXFileReference; lastKnownFileType = sourcecode.swift; path = BuildingsView.swift; sourceTree = "<group>"; };
		6E6858372B84470600896B16 /* ProfileViewModel.swift */ = {isa = PBXFileReference; lastKnownFileType = sourcecode.swift; path = ProfileViewModel.swift; sourceTree = "<group>"; };
		6E6858392B84479100896B16 /* BuildingsViewModel.swift */ = {isa = PBXFileReference; lastKnownFileType = sourcecode.swift; path = BuildingsViewModel.swift; sourceTree = "<group>"; };
		6E68583B2B84498A00896B16 /* BuildingsManager.swift */ = {isa = PBXFileReference; lastKnownFileType = sourcecode.swift; path = BuildingsManager.swift; sourceTree = "<group>"; };
		6E8C57212B7CAAEB00B5BF59 /* AuthenticationView.swift */ = {isa = PBXFileReference; lastKnownFileType = sourcecode.swift; path = AuthenticationView.swift; sourceTree = "<group>"; };
		6E8C57252B7CADBE00B5BF59 /* SignInEmailView.swift */ = {isa = PBXFileReference; lastKnownFileType = sourcecode.swift; path = SignInEmailView.swift; sourceTree = "<group>"; };
		6E8C57272B7CB39D00B5BF59 /* AuthenticationManager.swift */ = {isa = PBXFileReference; lastKnownFileType = sourcecode.swift; path = AuthenticationManager.swift; sourceTree = "<group>"; };
		6E8C57292B7CC35100B5BF59 /* RootView.swift */ = {isa = PBXFileReference; lastKnownFileType = sourcecode.swift; path = RootView.swift; sourceTree = "<group>"; };
		6E8C572B2B7CC76800B5BF59 /* SettingsView.swift */ = {isa = PBXFileReference; lastKnownFileType = sourcecode.swift; path = SettingsView.swift; sourceTree = "<group>"; };
		6E8C572D2B7CEF5B00B5BF59 /* GoogleService-Info.plist */ = {isa = PBXFileReference; fileEncoding = 4; lastKnownFileType = text.plist.xml; path = "GoogleService-Info.plist"; sourceTree = "<group>"; };
		6E8C57342B7CF04400B5BF59 /* Info.plist */ = {isa = PBXFileReference; lastKnownFileType = text.plist; path = Info.plist; sourceTree = "<group>"; };
		6E8C57362B7CF32100B5BF59 /* Utilities.swift */ = {isa = PBXFileReference; lastKnownFileType = sourcecode.swift; path = Utilities.swift; sourceTree = "<group>"; };
		6E8C57382B7ED9DF00B5BF59 /* SignInGoogleHelper.swift */ = {isa = PBXFileReference; lastKnownFileType = sourcecode.swift; path = SignInGoogleHelper.swift; sourceTree = "<group>"; };
		6E8C573A2B7F068600B5BF59 /* SignInAppleHelper.swift */ = {isa = PBXFileReference; lastKnownFileType = sourcecode.swift; path = SignInAppleHelper.swift; sourceTree = "<group>"; };
		6EA65F482B8476E9000766C7 /* BuildingCellView.swift */ = {isa = PBXFileReference; lastKnownFileType = sourcecode.swift; path = BuildingCellView.swift; sourceTree = "<group>"; };
		6EA65F4D2B871156000766C7 /* TabBarView.swift */ = {isa = PBXFileReference; lastKnownFileType = sourcecode.swift; path = TabBarView.swift; sourceTree = "<group>"; };
		6EA65F502B8714FC000766C7 /* UserBuildingsView.swift */ = {isa = PBXFileReference; lastKnownFileType = sourcecode.swift; path = UserBuildingsView.swift; sourceTree = "<group>"; };
		6EA65F522B871583000766C7 /* UserBuildingsViewModel.swift */ = {isa = PBXFileReference; lastKnownFileType = sourcecode.swift; path = UserBuildingsViewModel.swift; sourceTree = "<group>"; };
		6EA65F542B872D6A000766C7 /* BuildingCellViewBuilder.swift */ = {isa = PBXFileReference; lastKnownFileType = sourcecode.swift; path = BuildingCellViewBuilder.swift; sourceTree = "<group>"; };
		6EA65F572B8E7564000766C7 /* Query+EXT.swift */ = {isa = PBXFileReference; lastKnownFileType = sourcecode.swift; path = "Query+EXT.swift"; sourceTree = "<group>"; };
		6EA65F5B2B8E75E5000766C7 /* OnFirstAppearViewModifier.swift */ = {isa = PBXFileReference; lastKnownFileType = sourcecode.swift; path = OnFirstAppearViewModifier.swift; sourceTree = "<group>"; };
		6EA65F5E2B911B33000766C7 /* SitesManager.swift */ = {isa = PBXFileReference; lastKnownFileType = sourcecode.swift; path = SitesManager.swift; sourceTree = "<group>"; };
		6EA65F602B91204D000766C7 /* SitesView.swift */ = {isa = PBXFileReference; lastKnownFileType = sourcecode.swift; path = SitesView.swift; sourceTree = "<group>"; };
		6EA65F622B912058000766C7 /* SitesViewModel.swift */ = {isa = PBXFileReference; lastKnownFileType = sourcecode.swift; path = SitesViewModel.swift; sourceTree = "<group>"; };
		6EA65F652B9120E0000766C7 /* SiteCellView.swift */ = {isa = PBXFileReference; lastKnownFileType = sourcecode.swift; path = SiteCellView.swift; sourceTree = "<group>"; };
		6EA65F672B96EF0B000766C7 /* DetailedSiteView.swift */ = {isa = PBXFileReference; lastKnownFileType = sourcecode.swift; path = DetailedSiteView.swift; sourceTree = "<group>"; };
		6EA65F692B96F028000766C7 /* DetailedSiteViewModel.swift */ = {isa = PBXFileReference; lastKnownFileType = sourcecode.swift; path = DetailedSiteViewModel.swift; sourceTree = "<group>"; };
		6EA65F6C2B98EF6F000766C7 /* InventorySitesManager.swift */ = {isa = PBXFileReference; lastKnownFileType = sourcecode.swift; name = InventorySitesManager.swift; path = MUSitesMobile/Firestore/InventorySitesManager.swift; sourceTree = SOURCE_ROOT; };
		6EA65F6E2B98F70B000766C7 /* InventorySitesView.swift */ = {isa = PBXFileReference; lastKnownFileType = sourcecode.swift; path = InventorySitesView.swift; sourceTree = "<group>"; };
		6EA65F702B98FAD2000766C7 /* InventoryTypeManager.swift */ = {isa = PBXFileReference; lastKnownFileType = sourcecode.swift; path = InventoryTypeManager.swift; sourceTree = "<group>"; };
		6EA65F722B98FF34000766C7 /* KeyTypeManager.swift */ = {isa = PBXFileReference; lastKnownFileType = sourcecode.swift; path = KeyTypeManager.swift; sourceTree = "<group>"; };
		6EA65F752B9902BE000766C7 /* InventorySiteCellView.swift */ = {isa = PBXFileReference; lastKnownFileType = sourcecode.swift; path = InventorySiteCellView.swift; sourceTree = "<group>"; };
		6EA65F772B990423000766C7 /* DetailedInventorySiteView.swift */ = {isa = PBXFileReference; lastKnownFileType = sourcecode.swift; path = DetailedInventorySiteView.swift; sourceTree = "<group>"; };
		6EE1106B2B7B57F700747F04 /* MUSitesMobile.app */ = {isa = PBXFileReference; explicitFileType = wrapper.application; includeInIndex = 0; path = MUSitesMobile.app; sourceTree = BUILT_PRODUCTS_DIR; };
		6EE1106E2B7B57F700747F04 /* MUSitesMobileApp.swift */ = {isa = PBXFileReference; lastKnownFileType = sourcecode.swift; path = MUSitesMobileApp.swift; sourceTree = "<group>"; };
		6EE110702B7B57F700747F04 /* ContentView.swift */ = {isa = PBXFileReference; lastKnownFileType = sourcecode.swift; path = ContentView.swift; sourceTree = "<group>"; };
		6EE110722B7B57FA00747F04 /* Assets.xcassets */ = {isa = PBXFileReference; lastKnownFileType = folder.assetcatalog; path = Assets.xcassets; sourceTree = "<group>"; };
		6EE110752B7B57FA00747F04 /* Preview Assets.xcassets */ = {isa = PBXFileReference; lastKnownFileType = folder.assetcatalog; path = "Preview Assets.xcassets"; sourceTree = "<group>"; };
		6EE1107F2B7B57FA00747F04 /* MUSitesMobileTests.swift */ = {isa = PBXFileReference; lastKnownFileType = sourcecode.swift; path = MUSitesMobileTests.swift; sourceTree = "<group>"; };
		6EE110892B7B57FA00747F04 /* MUSitesMobileUITests.swift */ = {isa = PBXFileReference; lastKnownFileType = sourcecode.swift; path = MUSitesMobileUITests.swift; sourceTree = "<group>"; };
		6EE1108B2B7B57FA00747F04 /* MUSitesMobileUITestsLaunchTests.swift */ = {isa = PBXFileReference; lastKnownFileType = sourcecode.swift; path = MUSitesMobileUITestsLaunchTests.swift; sourceTree = "<group>"; };
		D5225A622BB72A07007F14E2 /* CategoryPickerView.swift */ = {isa = PBXFileReference; lastKnownFileType = sourcecode.swift; path = CategoryPickerView.swift; sourceTree = "<group>"; };
		D5225A642BB733AF007F14E2 /* SiteListView.swift */ = {isa = PBXFileReference; lastKnownFileType = sourcecode.swift; path = SiteListView.swift; sourceTree = "<group>"; };
		D5225A662BB73D76007F14E2 /* DetailedSitePosterBoardView.swift */ = {isa = PBXFileReference; lastKnownFileType = sourcecode.swift; path = DetailedSitePosterBoardView.swift; sourceTree = "<group>"; };
		D5225A6A2BC8758C007F14E2 /* AdminUserProfileView.swift */ = {isa = PBXFileReference; lastKnownFileType = sourcecode.swift; path = AdminUserProfileView.swift; sourceTree = "<group>"; };
		D5225A7F2BDAF851007F14E2 /* ImageDeleteView.swift */ = {isa = PBXFileReference; lastKnownFileType = sourcecode.swift; path = ImageDeleteView.swift; sourceTree = "<group>"; };
		D5225A832BDD98DA007F14E2 /* PostersSelectionView.swift */ = {isa = PBXFileReference; lastKnownFileType = sourcecode.swift; path = PostersSelectionView.swift; sourceTree = "<group>"; };
		D5B5E06C2BB32C0000AFCE3C /* AdminView.swift */ = {isa = PBXFileReference; lastKnownFileType = sourcecode.swift; path = AdminView.swift; sourceTree = "<group>"; };
		D5B5E0722BB32FA700AFCE3C /* AdminManager.swift */ = {isa = PBXFileReference; lastKnownFileType = sourcecode.swift; path = AdminManager.swift; sourceTree = "<group>"; };
		D5B5E0742BB336C300AFCE3C /* ImagePickerView.swift */ = {isa = PBXFileReference; lastKnownFileType = sourcecode.swift; path = ImagePickerView.swift; sourceTree = "<group>"; };
		D5B5E0762BB3458600AFCE3C /* StorageManager.swift */ = {isa = PBXFileReference; lastKnownFileType = sourcecode.swift; path = StorageManager.swift; sourceTree = "<group>"; };
		D5B5E0782BB3539D00AFCE3C /* ViewUsersView.swift */ = {isa = PBXFileReference; lastKnownFileType = sourcecode.swift; path = ViewUsersView.swift; sourceTree = "<group>"; };
		D5B5E07A2BB35DFB00AFCE3C /* ImageUploadView.swift */ = {isa = PBXFileReference; lastKnownFileType = sourcecode.swift; path = ImageUploadView.swift; sourceTree = "<group>"; };
		E553CD792BCD901000B9D63B /* SubmitFormView.swift */ = {isa = PBXFileReference; lastKnownFileType = sourcecode.swift; path = SubmitFormView.swift; sourceTree = "<group>"; };
		E553CD7B2BCD937E00B9D63B /* SiteCaptainManager.swift */ = {isa = PBXFileReference; lastKnownFileType = sourcecode.swift; path = SiteCaptainManager.swift; sourceTree = "<group>"; };
		E553CD7E2BCD947000B9D63B /* SiteCaptainSubmissionView.swift */ = {isa = PBXFileReference; lastKnownFileType = sourcecode.swift; path = SiteCaptainSubmissionView.swift; sourceTree = "<group>"; };
		E553CD812BCD94BC00B9D63B /* SiteCaptainFormViewModel.swift */ = {isa = PBXFileReference; lastKnownFileType = sourcecode.swift; path = SiteCaptainFormViewModel.swift; sourceTree = "<group>"; };
		E553CD832BCD94CF00B9D63B /* SiteCaptainSubmissionFormView.swift */ = {isa = PBXFileReference; lastKnownFileType = sourcecode.swift; path = SiteCaptainSubmissionFormView.swift; sourceTree = "<group>"; };
		E565A5762BD415E700B7EEB7 /* SupplyRequestManager.swift */ = {isa = PBXFileReference; lastKnownFileType = sourcecode.swift; path = SupplyRequestManager.swift; sourceTree = "<group>"; };
		F1A0BA3F2BBF09C400BBC9CB /* BuildingDetailView.swift */ = {isa = PBXFileReference; lastKnownFileType = sourcecode.swift; path = BuildingDetailView.swift; sourceTree = "<group>"; };
		F6246A7B2BA12FD400828DAE /* KeyManager.swift */ = {isa = PBXFileReference; lastKnownFileType = sourcecode.swift; path = KeyManager.swift; sourceTree = "<group>"; };
		F6246A7E2BA3BC6900828DAE /* SimpleMapView.swift */ = {isa = PBXFileReference; lastKnownFileType = sourcecode.swift; path = SimpleMapView.swift; sourceTree = "<group>"; };
		F63F46B32BBAA1D800ADEB9D /* SmallViews.swift */ = {isa = PBXFileReference; lastKnownFileType = sourcecode.swift; path = SmallViews.swift; sourceTree = "<group>"; };
		F63F46B62BBAA28600ADEB9D /* InventorySubmissionView.swift */ = {isa = PBXFileReference; lastKnownFileType = sourcecode.swift; path = InventorySubmissionView.swift; sourceTree = "<group>"; };
		F63F46B92BBAA34800ADEB9D /* InventoryEntryTypePopupView.swift */ = {isa = PBXFileReference; lastKnownFileType = sourcecode.swift; path = InventoryEntryTypePopupView.swift; sourceTree = "<group>"; };
		F63F46BB2BBAA45200ADEB9D /* InventoryEntriesManager.swift */ = {isa = PBXFileReference; lastKnownFileType = sourcecode.swift; path = InventoryEntriesManager.swift; sourceTree = "<group>"; };
		F63F46BD2BBAA50200ADEB9D /* SupplyCountManager.swift */ = {isa = PBXFileReference; lastKnownFileType = sourcecode.swift; path = SupplyCountManager.swift; sourceTree = "<group>"; };
		F63F46BF2BBAA55F00ADEB9D /* SupplyTypeManager.swift */ = {isa = PBXFileReference; lastKnownFileType = sourcecode.swift; path = SupplyTypeManager.swift; sourceTree = "<group>"; };
		F63F46C12BBAFEB000ADEB9D /* InventoryChangeView.swift */ = {isa = PBXFileReference; lastKnownFileType = sourcecode.swift; path = InventoryChangeView.swift; sourceTree = "<group>"; };
		F63F46C32BBB01DB00ADEB9D /* InventorySubmissionViewModel.swift */ = {isa = PBXFileReference; lastKnownFileType = sourcecode.swift; path = InventorySubmissionViewModel.swift; sourceTree = "<group>"; };
		F668B1E22B9AB392000B2886 /* KeySetManager.swift */ = {isa = PBXFileReference; lastKnownFileType = sourcecode.swift; path = KeySetManager.swift; sourceTree = "<group>"; };
		F668B1E52B9AB688000B2886 /* KeySetsView.swift */ = {isa = PBXFileReference; lastKnownFileType = sourcecode.swift; path = KeySetsView.swift; sourceTree = "<group>"; };
		F668B1E72B9AB79C000B2886 /* KeySetCellView.swift */ = {isa = PBXFileReference; lastKnownFileType = sourcecode.swift; path = KeySetCellView.swift; sourceTree = "<group>"; };
		F66FCE882BDB5180008251F9 /* PositionManager.swift */ = {isa = PBXFileReference; lastKnownFileType = sourcecode.swift; path = PositionManager.swift; sourceTree = "<group>"; };
		F66FCE8A2BDB804B008251F9 /* SiteCaptainsView.swift */ = {isa = PBXFileReference; lastKnownFileType = sourcecode.swift; path = SiteCaptainsView.swift; sourceTree = "<group>"; };
		F66FCE8C2BDB87C5008251F9 /* SiteCaptainCellView.swift */ = {isa = PBXFileReference; lastKnownFileType = sourcecode.swift; path = SiteCaptainCellView.swift; sourceTree = "<group>"; };
		F67CCB512BDC5ED1002AF86B /* AuthorizationManager.swift */ = {isa = PBXFileReference; lastKnownFileType = sourcecode.swift; path = AuthorizationManager.swift; sourceTree = "<group>"; };
		F68E1B042BBBE4B300EBE6AC /* TempChangeView.swift */ = {isa = PBXFileReference; lastKnownFileType = sourcecode.swift; path = TempChangeView.swift; sourceTree = "<group>"; };
		F68E1B062BBC2CE500EBE6AC /* SheetManager.swift */ = {isa = PBXFileReference; lastKnownFileType = sourcecode.swift; path = SheetManager.swift; sourceTree = "<group>"; };
		F68E1B0B2BBD2C6B00EBE6AC /* InventoryEntriesView.swift */ = {isa = PBXFileReference; lastKnownFileType = sourcecode.swift; path = InventoryEntriesView.swift; sourceTree = "<group>"; };
		F696705F2BBF041F00A56AA5 /* SupplyEntriesManager.swift */ = {isa = PBXFileReference; lastKnownFileType = sourcecode.swift; path = SupplyEntriesManager.swift; sourceTree = "<group>"; };
		F69A9C352BD98912006EAE22 /* PrinterManager.swift */ = {isa = PBXFileReference; lastKnownFileType = sourcecode.swift; path = PrinterManager.swift; sourceTree = "<group>"; };
		F6A23E362BDD58E80065BF78 /* SiteReadyManager.swift */ = {isa = PBXFileReference; lastKnownFileType = sourcecode.swift; path = SiteReadyManager.swift; sourceTree = "<group>"; };
		F6AB56092BC472CD005727D2 /* WebView.swift */ = {isa = PBXFileReference; lastKnownFileType = sourcecode.swift; path = WebView.swift; sourceTree = "<group>"; };
		F6AB560B2BC4C092005727D2 /* Route.swift */ = {isa = PBXFileReference; lastKnownFileType = sourcecode.swift; path = Route.swift; sourceTree = "<group>"; };
		F6AB560D2BC4D5FC005727D2 /* SiteTypeManager.swift */ = {isa = PBXFileReference; lastKnownFileType = sourcecode.swift; path = SiteTypeManager.swift; sourceTree = "<group>"; };
		F6AB560F2BC4D9EE005727D2 /* SiteGroupsManager.swift */ = {isa = PBXFileReference; lastKnownFileType = sourcecode.swift; path = SiteGroupsManager.swift; sourceTree = "<group>"; };
		F6AB56112BC5F508005727D2 /* BuildingDetailView.swift */ = {isa = PBXFileReference; lastKnownFileType = sourcecode.swift; path = BuildingDetailView.swift; sourceTree = "<group>"; };
		F6AB56142BCB0D09005727D2 /* ComputerManager.swift */ = {isa = PBXFileReference; lastKnownFileType = sourcecode.swift; path = ComputerManager.swift; sourceTree = "<group>"; };
		F6AB56172BCB0FBF005727D2 /* ComputersView.swift */ = {isa = PBXFileReference; lastKnownFileType = sourcecode.swift; path = ComputersView.swift; sourceTree = "<group>"; };
		F6B4E1C32BBF91DC009644DB /* SupplyEntriesView.swift */ = {isa = PBXFileReference; lastKnownFileType = sourcecode.swift; path = SupplyEntriesView.swift; sourceTree = "<group>"; };
		F6B4E1C52BBFBC9E009644DB /* InventoryEntryCellView.swift */ = {isa = PBXFileReference; lastKnownFileType = sourcecode.swift; path = InventoryEntryCellView.swift; sourceTree = "<group>"; };
		F6B887232BD19D3100E4A7C8 /* HourlyCleaningSubmissionView.swift */ = {isa = PBXFileReference; lastKnownFileType = sourcecode.swift; path = HourlyCleaningSubmissionView.swift; sourceTree = "<group>"; };
		F6B887252BD19F7600E4A7C8 /* HourlyCleaningsView.swift */ = {isa = PBXFileReference; lastKnownFileType = sourcecode.swift; path = HourlyCleaningsView.swift; sourceTree = "<group>"; };
		F6B887272BD19FA300E4A7C8 /* HourlyCleaningManager.swift */ = {isa = PBXFileReference; lastKnownFileType = sourcecode.swift; path = HourlyCleaningManager.swift; sourceTree = "<group>"; };
		F6B887292BD1B04500E4A7C8 /* HourlyCleaningCellView.swift */ = {isa = PBXFileReference; lastKnownFileType = sourcecode.swift; path = HourlyCleaningCellView.swift; sourceTree = "<group>"; };
		F6B8872B2BD53C4D00E4A7C8 /* IssueManager.swift */ = {isa = PBXFileReference; lastKnownFileType = sourcecode.swift; path = IssueManager.swift; sourceTree = "<group>"; };
		F6B8872E2BD540ED00E4A7C8 /* IssuesView.swift */ = {isa = PBXFileReference; lastKnownFileType = sourcecode.swift; path = IssuesView.swift; sourceTree = "<group>"; };
		F6B887302BD54C0800E4A7C8 /* IssueTypeManager.swift */ = {isa = PBXFileReference; lastKnownFileType = sourcecode.swift; path = IssueTypeManager.swift; sourceTree = "<group>"; };
/* End PBXFileReference section */

/* Begin PBXFrameworksBuildPhase section */
		6EE110682B7B57F700747F04 /* Frameworks */ = {
			isa = PBXFrameworksBuildPhase;
			buildActionMask = 2147483647;
			files = (
				6E8C57332B7CF00800B5BF59 /* GoogleSignInSwift in Frameworks */,
				6E8C571D2B7CA73E00B5BF59 /* FirebaseAnalyticsSwift in Frameworks */,
				6E8C57312B7CF00800B5BF59 /* GoogleSignIn in Frameworks */,
				6E3329702B7F61CD009FCD14 /* FirebaseFirestoreSwift in Frameworks */,
				6E8C571F2B7CA73E00B5BF59 /* FirebaseAuth in Frameworks */,
				D5B5E06A2BAB405C00AFCE3C /* FirebaseStorage in Frameworks */,
				6E8C571B2B7CA73E00B5BF59 /* FirebaseAnalytics in Frameworks */,
				6E33296E2B7F61CD009FCD14 /* FirebaseFirestore in Frameworks */,
			);
			runOnlyForDeploymentPostprocessing = 0;
		};
/* End PBXFrameworksBuildPhase section */

/* Begin PBXGroup section */
		261E6B6D2BD60BE5000021CA /* SiteReadySubmission */ = {
			isa = PBXGroup;
			children = (
				261E6B6E2BD60C05000021CA /* SiteReadySubmissionView.swift */,
			);
			path = SiteReadySubmission;
			sourceTree = "<group>";
		};
		261E6B722BD60D05000021CA /* SitesReadyEntries */ = {
			isa = PBXGroup;
			children = (
				261E6B732BD60D21000021CA /* SitesReadyEntriesView.swift */,
				261E6B702BD60C19000021CA /* SiteReadyEntriesModel.swift */,
			);
			path = SitesReadyEntries;
			sourceTree = "<group>";
		};
		26EC33B52B966B33001F0AEE /* Apple Maps */ = {
			isa = PBXGroup;
			children = (
				26EC33B82B966BC8001F0AEE /* SitesMapView.swift */,
				F6246A7D2BA3BC3900828DAE /* Subviews */,
			);
			path = "Apple Maps";
			sourceTree = "<group>";
		};
		6E33296C2B7F61CD009FCD14 /* Frameworks */ = {
			isa = PBXGroup;
			children = (
			);
			name = Frameworks;
			sourceTree = "<group>";
		};
		6E3329712B7F6253009FCD14 /* Core */ = {
			isa = PBXGroup;
			children = (
				6E8C57292B7CC35100B5BF59 /* RootView.swift */,
				D5B5E06B2BB32BE500AFCE3C /* Admin */,
				26EC33B52B966B33001F0AEE /* Apple Maps */,
				6E3329752B7F6363009FCD14 /* Authentication */,
				6E6858342B84468400896B16 /* Buildings */,
				F6AB56162BCB0FA2005727D2 /* Computers */,
				6EA65F592B8E75C0000766C7 /* Components */,
				6EA65F562B8E754E000766C7 /* Extensions */,
				6EA65F6B2B98EEF3000766C7 /* Inventory */,
				F6B8872D2BD540D400E4A7C8 /* Issues */,
				F668B1E42B9AB638000B2886 /* Keys */,
				6E33297B2B7F6442009FCD14 /* Profile */,
				6E3329722B7F62A7009FCD14 /* Settings */,
				6EA65F5D2B911B0C000766C7 /* Sites */,
				6EA65F4A2B8710DC000766C7 /* TabBarView */,
				6EA65F4F2B8714D6000766C7 /* UserBuildings */,
			);
			path = Core;
			sourceTree = "<group>";
		};
		6E3329722B7F62A7009FCD14 /* Settings */ = {
			isa = PBXGroup;
			children = (
				6E8C572B2B7CC76800B5BF59 /* SettingsView.swift */,
				6E3329732B7F62D9009FCD14 /* SettingsViewModel.swift */,
			);
			path = Settings;
			sourceTree = "<group>";
		};
		6E3329752B7F6363009FCD14 /* Authentication */ = {
			isa = PBXGroup;
			children = (
				6E8C57212B7CAAEB00B5BF59 /* AuthenticationView.swift */,
				6E3329762B7F6389009FCD14 /* AuthenticationViewModel.swift */,
				6E3329782B7F63CB009FCD14 /* Subviews */,
			);
			path = Authentication;
			sourceTree = "<group>";
		};
		6E3329782B7F63CB009FCD14 /* Subviews */ = {
			isa = PBXGroup;
			children = (
				6E8C57252B7CADBE00B5BF59 /* SignInEmailView.swift */,
				6E3329792B7F640D009FCD14 /* SignInEmailViewModel.swift */,
			);
			path = Subviews;
			sourceTree = "<group>";
		};
		6E33297B2B7F6442009FCD14 /* Profile */ = {
			isa = PBXGroup;
			children = (
				6E33297C2B7F6458009FCD14 /* ProfileView.swift */,
				6E6858372B84470600896B16 /* ProfileViewModel.swift */,
			);
			path = Profile;
			sourceTree = "<group>";
		};
		6E33297E2B7F6954009FCD14 /* Firestore */ = {
			isa = PBXGroup;
			children = (
				D5B5E0722BB32FA700AFCE3C /* AdminManager.swift */,
				6E68583B2B84498A00896B16 /* BuildingsManager.swift */,
				F6AB56142BCB0D09005727D2 /* ComputerManager.swift */,
				F6B887272BD19FA300E4A7C8 /* HourlyCleaningManager.swift */,
				F63F46BB2BBAA45200ADEB9D /* InventoryEntriesManager.swift */,
				6EA65F6C2B98EF6F000766C7 /* InventorySitesManager.swift */,
				6EA65F702B98FAD2000766C7 /* InventoryTypeManager.swift */,
				F6B887302BD54C0800E4A7C8 /* IssueTypeManager.swift */,
				F6B8872B2BD53C4D00E4A7C8 /* IssueManager.swift */,
				F6246A7B2BA12FD400828DAE /* KeyManager.swift */,
				F668B1E22B9AB392000B2886 /* KeySetManager.swift */,
				6EA65F722B98FF34000766C7 /* KeyTypeManager.swift */,
				F66FCE882BDB5180008251F9 /* PositionManager.swift */,
				F69A9C352BD98912006EAE22 /* PrinterManager.swift */,
				E553CD7B2BCD937E00B9D63B /* SiteCaptainManager.swift */,
				F6A23E362BDD58E80065BF78 /* SiteReadyManager.swift */,
				F6AB560F2BC4D9EE005727D2 /* SiteGroupsManager.swift */,
				F6AB560D2BC4D5FC005727D2 /* SiteTypeManager.swift */,
				6EA65F5E2B911B33000766C7 /* SitesManager.swift */,
				D5B5E0762BB3458600AFCE3C /* StorageManager.swift */,
				F63F46BD2BBAA50200ADEB9D /* SupplyCountManager.swift */,
				F696705F2BBF041F00A56AA5 /* SupplyEntriesManager.swift */,
				E565A5762BD415E700B7EEB7 /* SupplyRequestManager.swift */,
				F63F46BF2BBAA55F00ADEB9D /* SupplyTypeManager.swift */,
				6E3329802B7F699F009FCD14 /* UserManager.swift */,
			);
			path = Firestore;
			sourceTree = "<group>";
		};
		6E6858342B84468400896B16 /* Buildings */ = {
			isa = PBXGroup;
			children = (
				F6AB56112BC5F508005727D2 /* BuildingDetailView.swift */,
				6E6858352B8446C300896B16 /* BuildingsView.swift */,
				6E6858392B84479100896B16 /* BuildingsViewModel.swift */,
				F1A0BA3F2BBF09C400BBC9CB /* BuildingDetailView.swift */,
				6EA65F472B8476C9000766C7 /* Subviews */,
			);
			path = Buildings;
			sourceTree = "<group>";
		};
		6E8C57202B7CAAB400B5BF59 /* Authentication */ = {
			isa = PBXGroup;
			children = (
				6E8C57272B7CB39D00B5BF59 /* AuthenticationManager.swift */,
				F67CCB512BDC5ED1002AF86B /* AuthorizationManager.swift */,
				6E8C573A2B7F068600B5BF59 /* SignInAppleHelper.swift */,
				6E8C57382B7ED9DF00B5BF59 /* SignInGoogleHelper.swift */,
				6E8C57352B7CF30300B5BF59 /* Utilities */,
			);
			path = Authentication;
			sourceTree = "<group>";
		};
		6E8C57352B7CF30300B5BF59 /* Utilities */ = {
			isa = PBXGroup;
			children = (
				6E8C57362B7CF32100B5BF59 /* Utilities.swift */,
			);
			path = Utilities;
			sourceTree = "<group>";
		};
		6EA65F472B8476C9000766C7 /* Subviews */ = {
			isa = PBXGroup;
			children = (
				6EA65F482B8476E9000766C7 /* BuildingCellView.swift */,
				6EA65F542B872D6A000766C7 /* BuildingCellViewBuilder.swift */,
			);
			path = Subviews;
			sourceTree = "<group>";
		};
		6EA65F4A2B8710DC000766C7 /* TabBarView */ = {
			isa = PBXGroup;
			children = (
				6EA65F4D2B871156000766C7 /* TabBarView.swift */,
			);
			path = TabBarView;
			sourceTree = "<group>";
		};
		6EA65F4F2B8714D6000766C7 /* UserBuildings */ = {
			isa = PBXGroup;
			children = (
				6EA65F502B8714FC000766C7 /* UserBuildingsView.swift */,
				6EA65F522B871583000766C7 /* UserBuildingsViewModel.swift */,
			);
			path = UserBuildings;
			sourceTree = "<group>";
		};
		6EA65F562B8E754E000766C7 /* Extensions */ = {
			isa = PBXGroup;
			children = (
				6EA65F572B8E7564000766C7 /* Query+EXT.swift */,
			);
			path = Extensions;
			sourceTree = "<group>";
		};
		6EA65F592B8E75C0000766C7 /* Components */ = {
			isa = PBXGroup;
			children = (
				F63F46B22BBAA16300ADEB9D /* HelperViews */,
				6EA65F5A2B8E75CB000766C7 /* ViewModifiers */,
				F68E1B062BBC2CE500EBE6AC /* SheetManager.swift */,
				F6AB560B2BC4C092005727D2 /* Route.swift */,
			);
			path = Components;
			sourceTree = "<group>";
		};
		6EA65F5A2B8E75CB000766C7 /* ViewModifiers */ = {
			isa = PBXGroup;
			children = (
				6EA65F5B2B8E75E5000766C7 /* OnFirstAppearViewModifier.swift */,
			);
			path = ViewModifiers;
			sourceTree = "<group>";
		};
		6EA65F5D2B911B0C000766C7 /* Sites */ = {
			isa = PBXGroup;
			children = (
				F69A9C372BDA38F1006EAE22 /* SiteReady */,
				E553CD7D2BCD944C00B9D63B /* SiteCaptain */,
				6EA65F672B96EF0B000766C7 /* DetailedSiteView.swift */,
				6EA65F692B96F028000766C7 /* DetailedSiteViewModel.swift */,
				6EA65F602B91204D000766C7 /* SitesView.swift */,
				6EA65F622B912058000766C7 /* SitesViewModel.swift */,
				6EA65F642B9120CF000766C7 /* Subviews */,
			);
			path = Sites;
			sourceTree = "<group>";
		};
		6EA65F642B9120CF000766C7 /* Subviews */ = {
			isa = PBXGroup;
			children = (
				D5225A662BB73D76007F14E2 /* DetailedSitePosterBoardView.swift */,
				6EA65F652B9120E0000766C7 /* SiteCellView.swift */,
				E553CD792BCD901000B9D63B /* SubmitFormView.swift */,
			);
			path = Subviews;
			sourceTree = "<group>";
		};
		6EA65F6B2B98EEF3000766C7 /* Inventory */ = {
			isa = PBXGroup;
			children = (
				F68E1B0A2BBD2C4800EBE6AC /* InventoryEntries */,
				F63F46B82BBAA29F00ADEB9D /* InventorySites */,
				F63F46B52BBAA26A00ADEB9D /* InventorySubmission */,
				6EA65F742B9902AA000766C7 /* Subviews */,
			);
			path = Inventory;
			sourceTree = "<group>";
		};
		6EA65F742B9902AA000766C7 /* Subviews */ = {
			isa = PBXGroup;
			children = (
				F63F46B92BBAA34800ADEB9D /* InventoryEntryTypePopupView.swift */,
				6EA65F752B9902BE000766C7 /* InventorySiteCellView.swift */,
			);
			path = Subviews;
			sourceTree = "<group>";
		};
		6EE110622B7B57F600747F04 = {
			isa = PBXGroup;
			children = (
				6EE1106D2B7B57F700747F04 /* MUSitesMobile */,
				6EE1107E2B7B57FA00747F04 /* MUSitesMobileTests */,
				6EE110882B7B57FA00747F04 /* MUSitesMobileUITests */,
				6EE1106C2B7B57F700747F04 /* Products */,
				6E33296C2B7F61CD009FCD14 /* Frameworks */,
			);
			sourceTree = "<group>";
		};
		6EE1106C2B7B57F700747F04 /* Products */ = {
			isa = PBXGroup;
			children = (
				6EE1106B2B7B57F700747F04 /* MUSitesMobile.app */,
			);
			name = Products;
			sourceTree = "<group>";
		};
		6EE1106D2B7B57F700747F04 /* MUSitesMobile */ = {
			isa = PBXGroup;
			children = (
				6E8C57342B7CF04400B5BF59 /* Info.plist */,
				6EE1106E2B7B57F700747F04 /* MUSitesMobileApp.swift */,
				6EE110702B7B57F700747F04 /* ContentView.swift */,
				6E3329712B7F6253009FCD14 /* Core */,
				6E33297E2B7F6954009FCD14 /* Firestore */,
				6E8C57202B7CAAB400B5BF59 /* Authentication */,
				6EE110722B7B57FA00747F04 /* Assets.xcassets */,
				6E8C572D2B7CEF5B00B5BF59 /* GoogleService-Info.plist */,
				6EE110742B7B57FA00747F04 /* Preview Content */,
			);
			path = MUSitesMobile;
			sourceTree = "<group>";
		};
		6EE110742B7B57FA00747F04 /* Preview Content */ = {
			isa = PBXGroup;
			children = (
				6EE110752B7B57FA00747F04 /* Preview Assets.xcassets */,
			);
			path = "Preview Content";
			sourceTree = "<group>";
		};
		6EE1107E2B7B57FA00747F04 /* MUSitesMobileTests */ = {
			isa = PBXGroup;
			children = (
				6EE1107F2B7B57FA00747F04 /* MUSitesMobileTests.swift */,
			);
			path = MUSitesMobileTests;
			sourceTree = "<group>";
		};
		6EE110882B7B57FA00747F04 /* MUSitesMobileUITests */ = {
			isa = PBXGroup;
			children = (
				6EE110892B7B57FA00747F04 /* MUSitesMobileUITests.swift */,
				6EE1108B2B7B57FA00747F04 /* MUSitesMobileUITestsLaunchTests.swift */,
			);
			path = MUSitesMobileUITests;
			sourceTree = "<group>";
		};
		D5225A7B2BD2E6EC007F14E2 /* Photos */ = {
			isa = PBXGroup;
			children = (
				D5B5E0742BB336C300AFCE3C /* ImagePickerView.swift */,
				D5B5E07A2BB35DFB00AFCE3C /* ImageUploadView.swift */,
				D5225A622BB72A07007F14E2 /* CategoryPickerView.swift */,
				D5225A7F2BDAF851007F14E2 /* ImageDeleteView.swift */,
				D5225A832BDD98DA007F14E2 /* PostersSelectionView.swift */,
			);
			path = Photos;
			sourceTree = "<group>";
		};
		D5225A7C2BD2E70B007F14E2 /* AdminFeatures */ = {
			isa = PBXGroup;
			children = (
				D5225A6A2BC8758C007F14E2 /* AdminUserProfileView.swift */,
				D5225A642BB733AF007F14E2 /* SiteListView.swift */,
			);
			path = AdminFeatures;
			sourceTree = "<group>";
		};
		D5B5E06B2BB32BE500AFCE3C /* Admin */ = {
			isa = PBXGroup;
			children = (
				D5225A7C2BD2E70B007F14E2 /* AdminFeatures */,
				D5225A7B2BD2E6EC007F14E2 /* Photos */,
				D5B5E06C2BB32C0000AFCE3C /* AdminView.swift */,
				D5B5E0782BB3539D00AFCE3C /* ViewUsersView.swift */,
			);
			path = Admin;
			sourceTree = "<group>";
		};
		E553CD7D2BCD944C00B9D63B /* SiteCaptain */ = {
			isa = PBXGroup;
			children = (
				E553CD7E2BCD947000B9D63B /* SiteCaptainSubmissionView.swift */,
				F66FCE8A2BDB804B008251F9 /* SiteCaptainsView.swift */,
				E553CD802BCD947B00B9D63B /* SubViews */,
			);
			path = SiteCaptain;
			sourceTree = "<group>";
		};
		E553CD802BCD947B00B9D63B /* SubViews */ = {
			isa = PBXGroup;
			children = (
				E553CD812BCD94BC00B9D63B /* SiteCaptainFormViewModel.swift */,
				E553CD832BCD94CF00B9D63B /* SiteCaptainSubmissionFormView.swift */,
				F66FCE8C2BDB87C5008251F9 /* SiteCaptainCellView.swift */,
			);
			path = SubViews;
			sourceTree = "<group>";
		};
		F6246A7D2BA3BC3900828DAE /* Subviews */ = {
			isa = PBXGroup;
			children = (
				F6246A7E2BA3BC6900828DAE /* SimpleMapView.swift */,
			);
			path = Subviews;
			sourceTree = "<group>";
		};
		F63F46B22BBAA16300ADEB9D /* HelperViews */ = {
			isa = PBXGroup;
			children = (
				F63F46B32BBAA1D800ADEB9D /* SmallViews.swift */,
				F6AB56092BC472CD005727D2 /* WebView.swift */,
			);
			path = HelperViews;
			sourceTree = "<group>";
		};
		F63F46B52BBAA26A00ADEB9D /* InventorySubmission */ = {
			isa = PBXGroup;
			children = (
				F63F46C12BBAFEB000ADEB9D /* InventoryChangeView.swift */,
				F68E1B042BBBE4B300EBE6AC /* TempChangeView.swift */,
				F63F46B62BBAA28600ADEB9D /* InventorySubmissionView.swift */,
				F63F46C32BBB01DB00ADEB9D /* InventorySubmissionViewModel.swift */,
			);
			path = InventorySubmission;
			sourceTree = "<group>";
		};
		F63F46B82BBAA29F00ADEB9D /* InventorySites */ = {
			isa = PBXGroup;
			children = (
				6EA65F6E2B98F70B000766C7 /* InventorySitesView.swift */,
				6EA65F772B990423000766C7 /* DetailedInventorySiteView.swift */,
			);
			path = InventorySites;
			sourceTree = "<group>";
		};
		F668B1E42B9AB638000B2886 /* Keys */ = {
			isa = PBXGroup;
			children = (
				F668B1E52B9AB688000B2886 /* KeySetsView.swift */,
				F668B1E92B9AB7AB000B2886 /* Subviews */,
			);
			path = Keys;
			sourceTree = "<group>";
		};
		F668B1E92B9AB7AB000B2886 /* Subviews */ = {
			isa = PBXGroup;
			children = (
				F668B1E72B9AB79C000B2886 /* KeySetCellView.swift */,
			);
			path = Subviews;
			sourceTree = "<group>";
		};
		F68E1B0A2BBD2C4800EBE6AC /* InventoryEntries */ = {
			isa = PBXGroup;
			children = (
				F68E1B0B2BBD2C6B00EBE6AC /* InventoryEntriesView.swift */,
				F6B4E1C52BBFBC9E009644DB /* InventoryEntryCellView.swift */,
				F6B4E1C32BBF91DC009644DB /* SupplyEntriesView.swift */,
			);
			path = InventoryEntries;
			sourceTree = "<group>";
		};
		F69A9C372BDA38F1006EAE22 /* SiteReady */ = {
			isa = PBXGroup;
			children = (
				261E6B722BD60D05000021CA /* SitesReadyEntries */,
				261E6B6D2BD60BE5000021CA /* SiteReadySubmission */,
			);
			path = SiteReady;
			sourceTree = "<group>";
		};
		F6AB56132BCB0CC1005727D2 /* HourlyCleaning */ = {
			isa = PBXGroup;
			children = (
				F6B887232BD19D3100E4A7C8 /* HourlyCleaningSubmissionView.swift */,
				F6B887252BD19F7600E4A7C8 /* HourlyCleaningsView.swift */,
				F6B887292BD1B04500E4A7C8 /* HourlyCleaningCellView.swift */,
			);
			path = HourlyCleaning;
			sourceTree = "<group>";
		};
		F6AB56162BCB0FA2005727D2 /* Computers */ = {
			isa = PBXGroup;
			children = (
				F6AB56132BCB0CC1005727D2 /* HourlyCleaning */,
				F6AB56172BCB0FBF005727D2 /* ComputersView.swift */,
			);
			path = Computers;
			sourceTree = "<group>";
		};
		F6B8872D2BD540D400E4A7C8 /* Issues */ = {
			isa = PBXGroup;
			children = (
				F6B8872E2BD540ED00E4A7C8 /* IssuesView.swift */,
			);
			path = Issues;
			sourceTree = "<group>";
		};
/* End PBXGroup section */

/* Begin PBXNativeTarget section */
		6EE1106A2B7B57F700747F04 /* MUSitesMobile */ = {
			isa = PBXNativeTarget;
			buildConfigurationList = 6EE1108F2B7B57FA00747F04 /* Build configuration list for PBXNativeTarget "MUSitesMobile" */;
			buildPhases = (
				6EE110672B7B57F700747F04 /* Sources */,
				6EE110682B7B57F700747F04 /* Frameworks */,
				6EE110692B7B57F700747F04 /* Resources */,
			);
			buildRules = (
			);
			dependencies = (
			);
			name = MUSitesMobile;
			packageProductDependencies = (
				6E8C571A2B7CA73E00B5BF59 /* FirebaseAnalytics */,
				6E8C571C2B7CA73E00B5BF59 /* FirebaseAnalyticsSwift */,
				6E8C571E2B7CA73E00B5BF59 /* FirebaseAuth */,
				6E8C57302B7CF00800B5BF59 /* GoogleSignIn */,
				6E8C57322B7CF00800B5BF59 /* GoogleSignInSwift */,
				6E33296D2B7F61CD009FCD14 /* FirebaseFirestore */,
				6E33296F2B7F61CD009FCD14 /* FirebaseFirestoreSwift */,
				D5B5E0692BAB405C00AFCE3C /* FirebaseStorage */,
			);
			productName = MUSitesMobile;
			productReference = 6EE1106B2B7B57F700747F04 /* MUSitesMobile.app */;
			productType = "com.apple.product-type.application";
		};
/* End PBXNativeTarget section */

/* Begin PBXProject section */
		6EE110632B7B57F600747F04 /* Project object */ = {
			isa = PBXProject;
			attributes = {
				BuildIndependentTargetsInParallel = 1;
				LastSwiftUpdateCheck = 1520;
				LastUpgradeCheck = 1520;
				TargetAttributes = {
					6EE1106A2B7B57F700747F04 = {
						CreatedOnToolsVersion = 15.2;
					};
				};
			};
			buildConfigurationList = 6EE110662B7B57F600747F04 /* Build configuration list for PBXProject "MUSitesMobile" */;
			compatibilityVersion = "Xcode 14.0";
			developmentRegion = en;
			hasScannedForEncodings = 0;
			knownRegions = (
				en,
				Base,
			);
			mainGroup = 6EE110622B7B57F600747F04;
			packageReferences = (
				6E8C57192B7CA73D00B5BF59 /* XCRemoteSwiftPackageReference "firebase-ios-sdk" */,
				6E8C572F2B7CF00800B5BF59 /* XCRemoteSwiftPackageReference "GoogleSignIn-iOS" */,
			);
			productRefGroup = 6EE1106C2B7B57F700747F04 /* Products */;
			projectDirPath = "";
			projectRoot = "";
			targets = (
				6EE1106A2B7B57F700747F04 /* MUSitesMobile */,
			);
		};
/* End PBXProject section */

/* Begin PBXResourcesBuildPhase section */
		6EE110692B7B57F700747F04 /* Resources */ = {
			isa = PBXResourcesBuildPhase;
			buildActionMask = 2147483647;
			files = (
				6EE110762B7B57FA00747F04 /* Preview Assets.xcassets in Resources */,
				6EE110732B7B57FA00747F04 /* Assets.xcassets in Resources */,
				6E8C572E2B7CEF5C00B5BF59 /* GoogleService-Info.plist in Resources */,
			);
			runOnlyForDeploymentPostprocessing = 0;
		};
/* End PBXResourcesBuildPhase section */

/* Begin PBXSourcesBuildPhase section */
		6EE110672B7B57F700747F04 /* Sources */ = {
			isa = PBXSourcesBuildPhase;
			buildActionMask = 2147483647;
			files = (
				F6AB560A2BC472CD005727D2 /* WebView.swift in Sources */,
				F63F46C22BBAFEB000ADEB9D /* InventoryChangeView.swift in Sources */,
				6E68583C2B84498A00896B16 /* BuildingsManager.swift in Sources */,
				6E3329772B7F6389009FCD14 /* AuthenticationViewModel.swift in Sources */,
				261E6B742BD60D21000021CA /* SitesReadyEntriesView.swift in Sources */,
				6EA65F5F2B911B34000766C7 /* SitesManager.swift in Sources */,
				F68E1B052BBBE4B300EBE6AC /* TempChangeView.swift in Sources */,
				F6AB56102BC4D9EE005727D2 /* SiteGroupsManager.swift in Sources */,
				D5225A672BB73D76007F14E2 /* DetailedSitePosterBoardView.swift in Sources */,
				261E6B712BD60C19000021CA /* SiteReadyEntriesModel.swift in Sources */,
				D5225A6B2BC8758C007F14E2 /* AdminUserProfileView.swift in Sources */,
				6EE110712B7B57F700747F04 /* ContentView.swift in Sources */,
				F6B8872F2BD540ED00E4A7C8 /* IssuesView.swift in Sources */,
				D5B5E07B2BB35DFB00AFCE3C /* ImageUploadView.swift in Sources */,
				F1A0BA402BBF09C400BBC9CB /* BuildingDetailView.swift in Sources */,
				6EE1106F2B7B57F700747F04 /* MUSitesMobileApp.swift in Sources */,
				6EA65F612B91204D000766C7 /* SitesView.swift in Sources */,
				D5B5E0772BB3458600AFCE3C /* StorageManager.swift in Sources */,
				6EA65F712B98FAD3000766C7 /* InventoryTypeManager.swift in Sources */,
				F6246A7C2BA12FD400828DAE /* KeyManager.swift in Sources */,
				E553CD7C2BCD937E00B9D63B /* SiteCaptainManager.swift in Sources */,
				6E3329812B7F699F009FCD14 /* UserManager.swift in Sources */,
				6E8C572A2B7CC35100B5BF59 /* RootView.swift in Sources */,
				F67CCB522BDC5ED1002AF86B /* AuthorizationManager.swift in Sources */,
				F6B887312BD54C0800E4A7C8 /* IssueTypeManager.swift in Sources */,
				6EA65F492B8476E9000766C7 /* BuildingCellView.swift in Sources */,
				F63F46C42BBB01DB00ADEB9D /* InventorySubmissionViewModel.swift in Sources */,
				F68E1B072BBC2CE600EBE6AC /* SheetManager.swift in Sources */,
				F66FCE8D2BDB87C6008251F9 /* SiteCaptainCellView.swift in Sources */,
				6E8C57222B7CAAEB00B5BF59 /* AuthenticationView.swift in Sources */,
				D5B5E0732BB32FA700AFCE3C /* AdminManager.swift in Sources */,
				F6246A7F2BA3BC6A00828DAE /* SimpleMapView.swift in Sources */,
				D5B5E06D2BB32C0000AFCE3C /* AdminView.swift in Sources */,
				6EA65F5C2B8E75E5000766C7 /* OnFirstAppearViewModifier.swift in Sources */,
				D5225A842BDD98DA007F14E2 /* PostersSelectionView.swift in Sources */,
				F69A9C362BD98914006EAE22 /* PrinterManager.swift in Sources */,
				6E33297A2B7F640D009FCD14 /* SignInEmailViewModel.swift in Sources */,
				6E8C57392B7ED9DF00B5BF59 /* SignInGoogleHelper.swift in Sources */,
				6E68583A2B84479100896B16 /* BuildingsViewModel.swift in Sources */,
				F668B1E62B9AB688000B2886 /* KeySetsView.swift in Sources */,
				6EA65F632B912058000766C7 /* SitesViewModel.swift in Sources */,
				F66FCE892BDB5181008251F9 /* PositionManager.swift in Sources */,
				6EA65F532B871583000766C7 /* UserBuildingsViewModel.swift in Sources */,
				F6A23E372BDD58E80065BF78 /* SiteReadyManager.swift in Sources */,
				F6AB560C2BC4C092005727D2 /* Route.swift in Sources */,
				F668B1E32B9AB392000B2886 /* KeySetManager.swift in Sources */,
				F63F46BC2BBAA45200ADEB9D /* InventoryEntriesManager.swift in Sources */,
				F63F46C02BBAA55F00ADEB9D /* SupplyTypeManager.swift in Sources */,
				D5225A632BB72A07007F14E2 /* CategoryPickerView.swift in Sources */,
				F6B4E1C62BBFBC9E009644DB /* InventoryEntryCellView.swift in Sources */,
				F69670602BBF041F00A56AA5 /* SupplyEntriesManager.swift in Sources */,
				F63F46B42BBAA1D800ADEB9D /* SmallViews.swift in Sources */,
				6EA65F732B98FF34000766C7 /* KeyTypeManager.swift in Sources */,
				E553CD7A2BCD901000B9D63B /* SubmitFormView.swift in Sources */,
				F63F46BA2BBAA34800ADEB9D /* InventoryEntryTypePopupView.swift in Sources */,
				F6B4E1C42BBF91DC009644DB /* SupplyEntriesView.swift in Sources */,
				F66FCE8B2BDB804B008251F9 /* SiteCaptainsView.swift in Sources */,
				6E8C57282B7CB39D00B5BF59 /* AuthenticationManager.swift in Sources */,
				6EA65F512B8714FC000766C7 /* UserBuildingsView.swift in Sources */,
				F6B887242BD19D3100E4A7C8 /* HourlyCleaningSubmissionView.swift in Sources */,
				F6AB56122BC5F508005727D2 /* BuildingDetailView.swift in Sources */,
				6EA65F6F2B98F70B000766C7 /* InventorySitesView.swift in Sources */,
				6E8C572C2B7CC76800B5BF59 /* SettingsView.swift in Sources */,
				6EA65F6A2B96F028000766C7 /* DetailedSiteViewModel.swift in Sources */,
				F63F46B72BBAA28600ADEB9D /* InventorySubmissionView.swift in Sources */,
				E565A5772BD415E700B7EEB7 /* SupplyRequestManager.swift in Sources */,
				6E6858362B8446C300896B16 /* BuildingsView.swift in Sources */,
				6EA65F552B872D6A000766C7 /* BuildingCellViewBuilder.swift in Sources */,
				6EA65F682B96EF0B000766C7 /* DetailedSiteView.swift in Sources */,
				F63F46BE2BBAA50200ADEB9D /* SupplyCountManager.swift in Sources */,
				E553CD842BCD94CF00B9D63B /* SiteCaptainSubmissionFormView.swift in Sources */,
				6E8C57372B7CF32100B5BF59 /* Utilities.swift in Sources */,
				F6B887262BD19F7600E4A7C8 /* HourlyCleaningsView.swift in Sources */,
				26EC33B92B966BC8001F0AEE /* SitesMapView.swift in Sources */,
				6E3329742B7F62D9009FCD14 /* SettingsViewModel.swift in Sources */,
				D5225A802BDAF851007F14E2 /* ImageDeleteView.swift in Sources */,
				F6AB56152BCB0D09005727D2 /* ComputerManager.swift in Sources */,
				F6AB560E2BC4D5FD005727D2 /* SiteTypeManager.swift in Sources */,
				F6B8872A2BD1B04500E4A7C8 /* HourlyCleaningCellView.swift in Sources */,
				D5225A652BB733AF007F14E2 /* SiteListView.swift in Sources */,
				6EA65F782B990423000766C7 /* DetailedInventorySiteView.swift in Sources */,
				6EA65F662B9120E0000766C7 /* SiteCellView.swift in Sources */,
				F6B887282BD19FA300E4A7C8 /* HourlyCleaningManager.swift in Sources */,
				D5B5E0792BB3539D00AFCE3C /* ViewUsersView.swift in Sources */,
				E553CD7F2BCD947000B9D63B /* SiteCaptainSubmissionView.swift in Sources */,
				F6AB56182BCB0FBF005727D2 /* ComputersView.swift in Sources */,
				E553CD822BCD94BC00B9D63B /* SiteCaptainFormViewModel.swift in Sources */,
				6EA65F4E2B871156000766C7 /* TabBarView.swift in Sources */,
				6EA65F582B8E7564000766C7 /* Query+EXT.swift in Sources */,
				6E6858382B84470600896B16 /* ProfileViewModel.swift in Sources */,
				F668B1E82B9AB79C000B2886 /* KeySetCellView.swift in Sources */,
				6E8C573B2B7F068600B5BF59 /* SignInAppleHelper.swift in Sources */,
				6EA65F762B9902BE000766C7 /* InventorySiteCellView.swift in Sources */,
				6E33297D2B7F6458009FCD14 /* ProfileView.swift in Sources */,
				F68E1B0C2BBD2C6B00EBE6AC /* InventoryEntriesView.swift in Sources */,
				D5B5E0752BB336C300AFCE3C /* ImagePickerView.swift in Sources */,
				6EA65F6D2B98EF70000766C7 /* InventorySitesManager.swift in Sources */,
				261E6B6F2BD60C05000021CA /* SiteReadySubmissionView.swift in Sources */,
				6E8C57262B7CADBE00B5BF59 /* SignInEmailView.swift in Sources */,
				F6B8872C2BD53C4E00E4A7C8 /* IssueManager.swift in Sources */,
			);
			runOnlyForDeploymentPostprocessing = 0;
		};
/* End PBXSourcesBuildPhase section */

/* Begin XCBuildConfiguration section */
		6EE1108D2B7B57FA00747F04 /* Debug */ = {
			isa = XCBuildConfiguration;
			buildSettings = {
				ALWAYS_SEARCH_USER_PATHS = NO;
				ASSETCATALOG_COMPILER_GENERATE_SWIFT_ASSET_SYMBOL_EXTENSIONS = YES;
				CLANG_ANALYZER_NONNULL = YES;
				CLANG_ANALYZER_NUMBER_OBJECT_CONVERSION = YES_AGGRESSIVE;
				CLANG_CXX_LANGUAGE_STANDARD = "gnu++20";
				CLANG_ENABLE_MODULES = YES;
				CLANG_ENABLE_OBJC_ARC = YES;
				CLANG_ENABLE_OBJC_WEAK = YES;
				CLANG_WARN_BLOCK_CAPTURE_AUTORELEASING = YES;
				CLANG_WARN_BOOL_CONVERSION = YES;
				CLANG_WARN_COMMA = YES;
				CLANG_WARN_CONSTANT_CONVERSION = YES;
				CLANG_WARN_DEPRECATED_OBJC_IMPLEMENTATIONS = YES;
				CLANG_WARN_DIRECT_OBJC_ISA_USAGE = YES_ERROR;
				CLANG_WARN_DOCUMENTATION_COMMENTS = YES;
				CLANG_WARN_EMPTY_BODY = YES;
				CLANG_WARN_ENUM_CONVERSION = YES;
				CLANG_WARN_INFINITE_RECURSION = YES;
				CLANG_WARN_INT_CONVERSION = YES;
				CLANG_WARN_NON_LITERAL_NULL_CONVERSION = YES;
				CLANG_WARN_OBJC_IMPLICIT_RETAIN_SELF = YES;
				CLANG_WARN_OBJC_LITERAL_CONVERSION = YES;
				CLANG_WARN_OBJC_ROOT_CLASS = YES_ERROR;
				CLANG_WARN_QUOTED_INCLUDE_IN_FRAMEWORK_HEADER = YES;
				CLANG_WARN_RANGE_LOOP_ANALYSIS = YES;
				CLANG_WARN_STRICT_PROTOTYPES = YES;
				CLANG_WARN_SUSPICIOUS_MOVE = YES;
				CLANG_WARN_UNGUARDED_AVAILABILITY = YES_AGGRESSIVE;
				CLANG_WARN_UNREACHABLE_CODE = YES;
				CLANG_WARN__DUPLICATE_METHOD_MATCH = YES;
				COPY_PHASE_STRIP = NO;
				DEBUG_INFORMATION_FORMAT = dwarf;
				ENABLE_STRICT_OBJC_MSGSEND = YES;
				ENABLE_TESTABILITY = YES;
				ENABLE_USER_SCRIPT_SANDBOXING = YES;
				GCC_C_LANGUAGE_STANDARD = gnu17;
				GCC_DYNAMIC_NO_PIC = NO;
				GCC_NO_COMMON_BLOCKS = YES;
				GCC_OPTIMIZATION_LEVEL = 0;
				GCC_PREPROCESSOR_DEFINITIONS = (
					"DEBUG=1",
					"$(inherited)",
				);
				GCC_WARN_64_TO_32_BIT_CONVERSION = YES;
				GCC_WARN_ABOUT_RETURN_TYPE = YES_ERROR;
				GCC_WARN_UNDECLARED_SELECTOR = YES;
				GCC_WARN_UNINITIALIZED_AUTOS = YES_AGGRESSIVE;
				GCC_WARN_UNUSED_FUNCTION = YES;
				GCC_WARN_UNUSED_VARIABLE = YES;
				IPHONEOS_DEPLOYMENT_TARGET = 17.2;
				LOCALIZATION_PREFERS_STRING_CATALOGS = YES;
				MTL_ENABLE_DEBUG_INFO = INCLUDE_SOURCE;
				MTL_FAST_MATH = YES;
				ONLY_ACTIVE_ARCH = YES;
				SDKROOT = iphoneos;
				SWIFT_ACTIVE_COMPILATION_CONDITIONS = "DEBUG $(inherited)";
				SWIFT_OPTIMIZATION_LEVEL = "-Onone";
			};
			name = Debug;
		};
		6EE1108E2B7B57FA00747F04 /* Release */ = {
			isa = XCBuildConfiguration;
			buildSettings = {
				ALWAYS_SEARCH_USER_PATHS = NO;
				ASSETCATALOG_COMPILER_GENERATE_SWIFT_ASSET_SYMBOL_EXTENSIONS = YES;
				CLANG_ANALYZER_NONNULL = YES;
				CLANG_ANALYZER_NUMBER_OBJECT_CONVERSION = YES_AGGRESSIVE;
				CLANG_CXX_LANGUAGE_STANDARD = "gnu++20";
				CLANG_ENABLE_MODULES = YES;
				CLANG_ENABLE_OBJC_ARC = YES;
				CLANG_ENABLE_OBJC_WEAK = YES;
				CLANG_WARN_BLOCK_CAPTURE_AUTORELEASING = YES;
				CLANG_WARN_BOOL_CONVERSION = YES;
				CLANG_WARN_COMMA = YES;
				CLANG_WARN_CONSTANT_CONVERSION = YES;
				CLANG_WARN_DEPRECATED_OBJC_IMPLEMENTATIONS = YES;
				CLANG_WARN_DIRECT_OBJC_ISA_USAGE = YES_ERROR;
				CLANG_WARN_DOCUMENTATION_COMMENTS = YES;
				CLANG_WARN_EMPTY_BODY = YES;
				CLANG_WARN_ENUM_CONVERSION = YES;
				CLANG_WARN_INFINITE_RECURSION = YES;
				CLANG_WARN_INT_CONVERSION = YES;
				CLANG_WARN_NON_LITERAL_NULL_CONVERSION = YES;
				CLANG_WARN_OBJC_IMPLICIT_RETAIN_SELF = YES;
				CLANG_WARN_OBJC_LITERAL_CONVERSION = YES;
				CLANG_WARN_OBJC_ROOT_CLASS = YES_ERROR;
				CLANG_WARN_QUOTED_INCLUDE_IN_FRAMEWORK_HEADER = YES;
				CLANG_WARN_RANGE_LOOP_ANALYSIS = YES;
				CLANG_WARN_STRICT_PROTOTYPES = YES;
				CLANG_WARN_SUSPICIOUS_MOVE = YES;
				CLANG_WARN_UNGUARDED_AVAILABILITY = YES_AGGRESSIVE;
				CLANG_WARN_UNREACHABLE_CODE = YES;
				CLANG_WARN__DUPLICATE_METHOD_MATCH = YES;
				COPY_PHASE_STRIP = NO;
				DEBUG_INFORMATION_FORMAT = "dwarf-with-dsym";
				ENABLE_NS_ASSERTIONS = NO;
				ENABLE_STRICT_OBJC_MSGSEND = YES;
				ENABLE_USER_SCRIPT_SANDBOXING = YES;
				GCC_C_LANGUAGE_STANDARD = gnu17;
				GCC_NO_COMMON_BLOCKS = YES;
				GCC_WARN_64_TO_32_BIT_CONVERSION = YES;
				GCC_WARN_ABOUT_RETURN_TYPE = YES_ERROR;
				GCC_WARN_UNDECLARED_SELECTOR = YES;
				GCC_WARN_UNINITIALIZED_AUTOS = YES_AGGRESSIVE;
				GCC_WARN_UNUSED_FUNCTION = YES;
				GCC_WARN_UNUSED_VARIABLE = YES;
				IPHONEOS_DEPLOYMENT_TARGET = 17.2;
				LOCALIZATION_PREFERS_STRING_CATALOGS = YES;
				MTL_ENABLE_DEBUG_INFO = NO;
				MTL_FAST_MATH = YES;
				SDKROOT = iphoneos;
				SWIFT_COMPILATION_MODE = wholemodule;
				VALIDATE_PRODUCT = YES;
			};
			name = Release;
		};
		6EE110902B7B57FA00747F04 /* Debug */ = {
			isa = XCBuildConfiguration;
			buildSettings = {
				ASSETCATALOG_COMPILER_APPICON_NAME = AppIcon;
				ASSETCATALOG_COMPILER_GLOBAL_ACCENT_COLOR_NAME = AccentColor;
				CODE_SIGN_IDENTITY = "Apple Development";
				CODE_SIGN_STYLE = Automatic;
				CURRENT_PROJECT_VERSION = 1;
				DEVELOPMENT_ASSET_PATHS = "\"MUSitesMobile/Preview Content\"";
				DEVELOPMENT_TEAM = YKMF2X3J6U;
				ENABLE_PREVIEWS = YES;
				GENERATE_INFOPLIST_FILE = YES;
				INFOPLIST_FILE = MUSitesMobile/Info.plist;
				INFOPLIST_KEY_CFBundleDisplayName = SitesMobile;
				INFOPLIST_KEY_NSLocationWhenInUseUsageDescription = "This application requires your location.";
				INFOPLIST_KEY_UIApplicationSceneManifest_Generation = YES;
				INFOPLIST_KEY_UIApplicationSupportsIndirectInputEvents = YES;
				INFOPLIST_KEY_UILaunchScreen_Generation = YES;
				INFOPLIST_KEY_UISupportedInterfaceOrientations_iPad = "UIInterfaceOrientationPortrait UIInterfaceOrientationPortraitUpsideDown UIInterfaceOrientationLandscapeLeft UIInterfaceOrientationLandscapeRight";
				INFOPLIST_KEY_UISupportedInterfaceOrientations_iPhone = "UIInterfaceOrientationPortrait UIInterfaceOrientationLandscapeLeft UIInterfaceOrientationLandscapeRight";
				IPHONEOS_DEPLOYMENT_TARGET = 17.0;
				LD_RUNPATH_SEARCH_PATHS = (
					"$(inherited)",
					"@executable_path/Frameworks",
				);
				MARKETING_VERSION = 1.0;
				PRODUCT_BUNDLE_IDENTIFIER = com.sitesmobile.MUSitesMobile;
				PRODUCT_NAME = "$(TARGET_NAME)";
				PROVISIONING_PROFILE_SPECIFIER = "";
				SWIFT_EMIT_LOC_STRINGS = YES;
				SWIFT_VERSION = 5.0;
				TARGETED_DEVICE_FAMILY = "1,2";
			};
			name = Debug;
		};
		6EE110912B7B57FA00747F04 /* Release */ = {
			isa = XCBuildConfiguration;
			buildSettings = {
				ASSETCATALOG_COMPILER_APPICON_NAME = AppIcon;
				ASSETCATALOG_COMPILER_GLOBAL_ACCENT_COLOR_NAME = AccentColor;
				CODE_SIGN_IDENTITY = "Apple Development";
				CODE_SIGN_STYLE = Automatic;
				CURRENT_PROJECT_VERSION = 1;
				DEVELOPMENT_ASSET_PATHS = "\"MUSitesMobile/Preview Content\"";
				DEVELOPMENT_TEAM = YKMF2X3J6U;
				ENABLE_PREVIEWS = YES;
				GENERATE_INFOPLIST_FILE = YES;
				INFOPLIST_FILE = MUSitesMobile/Info.plist;
				INFOPLIST_KEY_CFBundleDisplayName = SitesMobile;
				INFOPLIST_KEY_NSLocationWhenInUseUsageDescription = "This application requires your location.";
				INFOPLIST_KEY_UIApplicationSceneManifest_Generation = YES;
				INFOPLIST_KEY_UIApplicationSupportsIndirectInputEvents = YES;
				INFOPLIST_KEY_UILaunchScreen_Generation = YES;
				INFOPLIST_KEY_UISupportedInterfaceOrientations_iPad = "UIInterfaceOrientationPortrait UIInterfaceOrientationPortraitUpsideDown UIInterfaceOrientationLandscapeLeft UIInterfaceOrientationLandscapeRight";
				INFOPLIST_KEY_UISupportedInterfaceOrientations_iPhone = "UIInterfaceOrientationPortrait UIInterfaceOrientationLandscapeLeft UIInterfaceOrientationLandscapeRight";
				IPHONEOS_DEPLOYMENT_TARGET = 17.0;
				LD_RUNPATH_SEARCH_PATHS = (
					"$(inherited)",
					"@executable_path/Frameworks",
				);
				MARKETING_VERSION = 1.0;
				PRODUCT_BUNDLE_IDENTIFIER = com.sitesmobile.MUSitesMobile;
				PRODUCT_NAME = "$(TARGET_NAME)";
				PROVISIONING_PROFILE_SPECIFIER = "";
				SWIFT_EMIT_LOC_STRINGS = YES;
				SWIFT_VERSION = 5.0;
				TARGETED_DEVICE_FAMILY = "1,2";
			};
			name = Release;
		};
/* End XCBuildConfiguration section */

/* Begin XCConfigurationList section */
		6EE110662B7B57F600747F04 /* Build configuration list for PBXProject "MUSitesMobile" */ = {
			isa = XCConfigurationList;
			buildConfigurations = (
				6EE1108D2B7B57FA00747F04 /* Debug */,
				6EE1108E2B7B57FA00747F04 /* Release */,
			);
			defaultConfigurationIsVisible = 0;
			defaultConfigurationName = Release;
		};
		6EE1108F2B7B57FA00747F04 /* Build configuration list for PBXNativeTarget "MUSitesMobile" */ = {
			isa = XCConfigurationList;
			buildConfigurations = (
				6EE110902B7B57FA00747F04 /* Debug */,
				6EE110912B7B57FA00747F04 /* Release */,
			);
			defaultConfigurationIsVisible = 0;
			defaultConfigurationName = Release;
		};
/* End XCConfigurationList section */

/* Begin XCRemoteSwiftPackageReference section */
		6E8C57192B7CA73D00B5BF59 /* XCRemoteSwiftPackageReference "firebase-ios-sdk" */ = {
			isa = XCRemoteSwiftPackageReference;
			repositoryURL = "https://github.com/firebase/firebase-ios-sdk";
			requirement = {
				kind = upToNextMajorVersion;
				minimumVersion = 10.21.0;
			};
		};
		6E8C572F2B7CF00800B5BF59 /* XCRemoteSwiftPackageReference "GoogleSignIn-iOS" */ = {
			isa = XCRemoteSwiftPackageReference;
			repositoryURL = "https://github.com/google/GoogleSignIn-iOS.git";
			requirement = {
				kind = upToNextMajorVersion;
				minimumVersion = 7.0.0;
			};
		};
/* End XCRemoteSwiftPackageReference section */

/* Begin XCSwiftPackageProductDependency section */
		6E33296D2B7F61CD009FCD14 /* FirebaseFirestore */ = {
			isa = XCSwiftPackageProductDependency;
			package = 6E8C57192B7CA73D00B5BF59 /* XCRemoteSwiftPackageReference "firebase-ios-sdk" */;
			productName = FirebaseFirestore;
		};
		6E33296F2B7F61CD009FCD14 /* FirebaseFirestoreSwift */ = {
			isa = XCSwiftPackageProductDependency;
			package = 6E8C57192B7CA73D00B5BF59 /* XCRemoteSwiftPackageReference "firebase-ios-sdk" */;
			productName = FirebaseFirestoreSwift;
		};
		6E8C571A2B7CA73E00B5BF59 /* FirebaseAnalytics */ = {
			isa = XCSwiftPackageProductDependency;
			package = 6E8C57192B7CA73D00B5BF59 /* XCRemoteSwiftPackageReference "firebase-ios-sdk" */;
			productName = FirebaseAnalytics;
		};
		6E8C571C2B7CA73E00B5BF59 /* FirebaseAnalyticsSwift */ = {
			isa = XCSwiftPackageProductDependency;
			package = 6E8C57192B7CA73D00B5BF59 /* XCRemoteSwiftPackageReference "firebase-ios-sdk" */;
			productName = FirebaseAnalyticsSwift;
		};
		6E8C571E2B7CA73E00B5BF59 /* FirebaseAuth */ = {
			isa = XCSwiftPackageProductDependency;
			package = 6E8C57192B7CA73D00B5BF59 /* XCRemoteSwiftPackageReference "firebase-ios-sdk" */;
			productName = FirebaseAuth;
		};
		6E8C57302B7CF00800B5BF59 /* GoogleSignIn */ = {
			isa = XCSwiftPackageProductDependency;
			package = 6E8C572F2B7CF00800B5BF59 /* XCRemoteSwiftPackageReference "GoogleSignIn-iOS" */;
			productName = GoogleSignIn;
		};
		6E8C57322B7CF00800B5BF59 /* GoogleSignInSwift */ = {
			isa = XCSwiftPackageProductDependency;
			package = 6E8C572F2B7CF00800B5BF59 /* XCRemoteSwiftPackageReference "GoogleSignIn-iOS" */;
			productName = GoogleSignInSwift;
		};
		D5B5E0692BAB405C00AFCE3C /* FirebaseStorage */ = {
			isa = XCSwiftPackageProductDependency;
			package = 6E8C57192B7CA73D00B5BF59 /* XCRemoteSwiftPackageReference "firebase-ios-sdk" */;
			productName = FirebaseStorage;
		};
/* End XCSwiftPackageProductDependency section */
	};
	rootObject = 6EE110632B7B57F600747F04 /* Project object */;
}
